// !$*UTF8*$!
{
	archiveVersion = 1;
	classes = {
	};
	objectVersion = 50;
	objects = {

/* Begin PBXBuildFile section */
		47FC3ADD20919C7800C04548 /* AppDelegate.swift in Sources */ = {isa = PBXBuildFile; fileRef = 47FC3ADC20919C7800C04548 /* AppDelegate.swift */; };
		47FC3ADF20919C7800C04548 /* ViewController.swift in Sources */ = {isa = PBXBuildFile; fileRef = 47FC3ADE20919C7800C04548 /* ViewController.swift */; };
		47FC3AE220919C7900C04548 /* Main.storyboard in Resources */ = {isa = PBXBuildFile; fileRef = 47FC3AE020919C7900C04548 /* Main.storyboard */; };
		47FC3AE420919C7A00C04548 /* Assets.xcassets in Resources */ = {isa = PBXBuildFile; fileRef = 47FC3AE320919C7A00C04548 /* Assets.xcassets */; };
		47FC3AE720919C7A00C04548 /* LaunchScreen.storyboard in Resources */ = {isa = PBXBuildFile; fileRef = 47FC3AE520919C7A00C04548 /* LaunchScreen.storyboard */; };
		47FC3AF220919C7A00C04548 /* broeser2Tests.swift in Sources */ = {isa = PBXBuildFile; fileRef = 47FC3AF120919C7A00C04548 /* broeser2Tests.swift */; };
		47FC3AFD20919C7B00C04548 /* broeser2UITests.swift in Sources */ = {isa = PBXBuildFile; fileRef = 47FC3AFC20919C7B00C04548 /* broeser2UITests.swift */; };
/* End PBXBuildFile section */

/* Begin PBXContainerItemProxy section */
		47FC3AEE20919C7A00C04548 /* PBXContainerItemProxy */ = {
			isa = PBXContainerItemProxy;
			containerPortal = 47FC3AD120919C7800C04548 /* Project object */;
			proxyType = 1;
			remoteGlobalIDString = 47FC3AD820919C7800C04548;
			remoteInfo = broeser2;
		};
		47FC3AF920919C7B00C04548 /* PBXContainerItemProxy */ = {
			isa = PBXContainerItemProxy;
			containerPortal = 47FC3AD120919C7800C04548 /* Project object */;
			proxyType = 1;
			remoteGlobalIDString = 47FC3AD820919C7800C04548;
			remoteInfo = broeser2;
		};
/* End PBXContainerItemProxy section */

/* Begin PBXFileReference section */
		47FC3AD920919C7800C04548 /* broeser2.app */ = {isa = PBXFileReference; explicitFileType = wrapper.application; includeInIndex = 0; path = broeser2.app; sourceTree = BUILT_PRODUCTS_DIR; };
		47FC3ADC20919C7800C04548 /* AppDelegate.swift */ = {isa = PBXFileReference; lastKnownFileType = sourcecode.swift; path = AppDelegate.swift; sourceTree = "<group>"; };
		47FC3ADE20919C7800C04548 /* ViewController.swift */ = {isa = PBXFileReference; lastKnownFileType = sourcecode.swift; path = ViewController.swift; sourceTree = "<group>"; };
		47FC3AE120919C7900C04548 /* Base */ = {isa = PBXFileReference; lastKnownFileType = file.storyboard; name = Base; path = Base.lproj/Main.storyboard; sourceTree = "<group>"; };
		47FC3AE320919C7A00C04548 /* Assets.xcassets */ = {isa = PBXFileReference; lastKnownFileType = folder.assetcatalog; path = Assets.xcassets; sourceTree = "<group>"; };
		47FC3AE620919C7A00C04548 /* Base */ = {isa = PBXFileReference; lastKnownFileType = file.storyboard; name = Base; path = Base.lproj/LaunchScreen.storyboard; sourceTree = "<group>"; };
		47FC3AE820919C7A00C04548 /* Info.plist */ = {isa = PBXFileReference; lastKnownFileType = text.plist.xml; path = Info.plist; sourceTree = "<group>"; };
		47FC3AED20919C7A00C04548 /* broeser2Tests.xctest */ = {isa = PBXFileReference; explicitFileType = wrapper.cfbundle; includeInIndex = 0; path = broeser2Tests.xctest; sourceTree = BUILT_PRODUCTS_DIR; };
		47FC3AF120919C7A00C04548 /* broeser2Tests.swift */ = {isa = PBXFileReference; lastKnownFileType = sourcecode.swift; path = broeser2Tests.swift; sourceTree = "<group>"; };
		47FC3AF320919C7A00C04548 /* Info.plist */ = {isa = PBXFileReference; lastKnownFileType = text.plist.xml; path = Info.plist; sourceTree = "<group>"; };
		47FC3AF820919C7B00C04548 /* broeser2UITests.xctest */ = {isa = PBXFileReference; explicitFileType = wrapper.cfbundle; includeInIndex = 0; path = broeser2UITests.xctest; sourceTree = BUILT_PRODUCTS_DIR; };
		47FC3AFC20919C7B00C04548 /* broeser2UITests.swift */ = {isa = PBXFileReference; lastKnownFileType = sourcecode.swift; path = broeser2UITests.swift; sourceTree = "<group>"; };
		47FC3AFE20919C7B00C04548 /* Info.plist */ = {isa = PBXFileReference; lastKnownFileType = text.plist.xml; path = Info.plist; sourceTree = "<group>"; };
/* End PBXFileReference section */

/* Begin PBXFrameworksBuildPhase section */
		47FC3AD620919C7800C04548 /* Frameworks */ = {
			isa = PBXFrameworksBuildPhase;
			buildActionMask = 2147483647;
			files = (
			);
			runOnlyForDeploymentPostprocessing = 0;
		};
		47FC3AEA20919C7A00C04548 /* Frameworks */ = {
			isa = PBXFrameworksBuildPhase;
			buildActionMask = 2147483647;
			files = (
			);
			runOnlyForDeploymentPostprocessing = 0;
		};
		47FC3AF520919C7B00C04548 /* Frameworks */ = {
			isa = PBXFrameworksBuildPhase;
			buildActionMask = 2147483647;
			files = (
			);
			runOnlyForDeploymentPostprocessing = 0;
		};
/* End PBXFrameworksBuildPhase section */

/* Begin PBXGroup section */
		47FC3AD020919C7800C04548 = {
			isa = PBXGroup;
			children = (
				47FC3ADB20919C7800C04548 /* broeser2 */,
				47FC3AF020919C7A00C04548 /* broeser2Tests */,
				47FC3AFB20919C7B00C04548 /* broeser2UITests */,
				47FC3ADA20919C7800C04548 /* Products */,
			);
			sourceTree = "<group>";
		};
		47FC3ADA20919C7800C04548 /* Products */ = {
			isa = PBXGroup;
			children = (
				47FC3AD920919C7800C04548 /* broeser2.app */,
				47FC3AED20919C7A00C04548 /* broeser2Tests.xctest */,
				47FC3AF820919C7B00C04548 /* broeser2UITests.xctest */,
			);
			name = Products;
			sourceTree = "<group>";
		};
		47FC3ADB20919C7800C04548 /* broeser2 */ = {
			isa = PBXGroup;
			children = (
				47FC3ADC20919C7800C04548 /* AppDelegate.swift */,
				47FC3ADE20919C7800C04548 /* ViewController.swift */,
				47FC3AE020919C7900C04548 /* Main.storyboard */,
				47FC3AE320919C7A00C04548 /* Assets.xcassets */,
				47FC3AE520919C7A00C04548 /* LaunchScreen.storyboard */,
				47FC3AE820919C7A00C04548 /* Info.plist */,
			);
			path = broeser2;
			sourceTree = "<group>";
		};
		47FC3AF020919C7A00C04548 /* broeser2Tests */ = {
			isa = PBXGroup;
			children = (
				47FC3AF120919C7A00C04548 /* broeser2Tests.swift */,
				47FC3AF320919C7A00C04548 /* Info.plist */,
			);
			path = broeser2Tests;
			sourceTree = "<group>";
		};
		47FC3AFB20919C7B00C04548 /* broeser2UITests */ = {
			isa = PBXGroup;
			children = (
				47FC3AFC20919C7B00C04548 /* broeser2UITests.swift */,
				47FC3AFE20919C7B00C04548 /* Info.plist */,
			);
			path = broeser2UITests;
			sourceTree = "<group>";
		};
/* End PBXGroup section */

/* Begin PBXNativeTarget section */
		47FC3AD820919C7800C04548 /* broeser2 */ = {
			isa = PBXNativeTarget;
			buildConfigurationList = 47FC3B0120919C7B00C04548 /* Build configuration list for PBXNativeTarget "broeser2" */;
			buildPhases = (
				47FC3AD520919C7800C04548 /* Sources */,
				47FC3AD620919C7800C04548 /* Frameworks */,
				47FC3AD720919C7800C04548 /* Resources */,
			);
			buildRules = (
			);
			dependencies = (
			);
			name = broeser2;
			productName = broeser2;
			productReference = 47FC3AD920919C7800C04548 /* broeser2.app */;
			productType = "com.apple.product-type.application";
		};
		47FC3AEC20919C7A00C04548 /* broeser2Tests */ = {
			isa = PBXNativeTarget;
			buildConfigurationList = 47FC3B0420919C7B00C04548 /* Build configuration list for PBXNativeTarget "broeser2Tests" */;
			buildPhases = (
				47FC3AE920919C7A00C04548 /* Sources */,
				47FC3AEA20919C7A00C04548 /* Frameworks */,
				47FC3AEB20919C7A00C04548 /* Resources */,
			);
			buildRules = (
			);
			dependencies = (
				47FC3AEF20919C7A00C04548 /* PBXTargetDependency */,
			);
			name = broeser2Tests;
			productName = broeser2Tests;
			productReference = 47FC3AED20919C7A00C04548 /* broeser2Tests.xctest */;
			productType = "com.apple.product-type.bundle.unit-test";
		};
		47FC3AF720919C7B00C04548 /* broeser2UITests */ = {
			isa = PBXNativeTarget;
			buildConfigurationList = 47FC3B0720919C7B00C04548 /* Build configuration list for PBXNativeTarget "broeser2UITests" */;
			buildPhases = (
				47FC3AF420919C7B00C04548 /* Sources */,
				47FC3AF520919C7B00C04548 /* Frameworks */,
				47FC3AF620919C7B00C04548 /* Resources */,
			);
			buildRules = (
			);
			dependencies = (
				47FC3AFA20919C7B00C04548 /* PBXTargetDependency */,
			);
			name = broeser2UITests;
			productName = broeser2UITests;
			productReference = 47FC3AF820919C7B00C04548 /* broeser2UITests.xctest */;
			productType = "com.apple.product-type.bundle.ui-testing";
		};
/* End PBXNativeTarget section */

/* Begin PBXProject section */
		47FC3AD120919C7800C04548 /* Project object */ = {
			isa = PBXProject;
			attributes = {
				LastSwiftUpdateCheck = 0930;
				LastUpgradeCheck = 0930;
				ORGANIZATIONNAME = jako;
				TargetAttributes = {
					47FC3AD820919C7800C04548 = {
						CreatedOnToolsVersion = 9.3;
					};
					47FC3AEC20919C7A00C04548 = {
						CreatedOnToolsVersion = 9.3;
						TestTargetID = 47FC3AD820919C7800C04548;
					};
					47FC3AF720919C7B00C04548 = {
						CreatedOnToolsVersion = 9.3;
						TestTargetID = 47FC3AD820919C7800C04548;
					};
				};
			};
			buildConfigurationList = 47FC3AD420919C7800C04548 /* Build configuration list for PBXProject "broeser2" */;
			compatibilityVersion = "Xcode 9.3";
			developmentRegion = en;
			hasScannedForEncodings = 0;
			knownRegions = (
				en,
				Base,
			);
			mainGroup = 47FC3AD020919C7800C04548;
			productRefGroup = 47FC3ADA20919C7800C04548 /* Products */;
			projectDirPath = "";
			projectRoot = "";
			targets = (
				47FC3AD820919C7800C04548 /* broeser2 */,
				47FC3AEC20919C7A00C04548 /* broeser2Tests */,
				47FC3AF720919C7B00C04548 /* broeser2UITests */,
			);
		};
/* End PBXProject section */

/* Begin PBXResourcesBuildPhase section */
		47FC3AD720919C7800C04548 /* Resources */ = {
			isa = PBXResourcesBuildPhase;
			buildActionMask = 2147483647;
			files = (
				47FC3AE720919C7A00C04548 /* LaunchScreen.storyboard in Resources */,
				47FC3AE420919C7A00C04548 /* Assets.xcassets in Resources */,
				47FC3AE220919C7900C04548 /* Main.storyboard in Resources */,
			);
			runOnlyForDeploymentPostprocessing = 0;
		};
		47FC3AEB20919C7A00C04548 /* Resources */ = {
			isa = PBXResourcesBuildPhase;
			buildActionMask = 2147483647;
			files = (
			);
			runOnlyForDeploymentPostprocessing = 0;
		};
		47FC3AF620919C7B00C04548 /* Resources */ = {
			isa = PBXResourcesBuildPhase;
			buildActionMask = 2147483647;
			files = (
			);
			runOnlyForDeploymentPostprocessing = 0;
		};
/* End PBXResourcesBuildPhase section */

/* Begin PBXSourcesBuildPhase section */
		47FC3AD520919C7800C04548 /* Sources */ = {
			isa = PBXSourcesBuildPhase;
			buildActionMask = 2147483647;
			files = (
				47FC3ADF20919C7800C04548 /* ViewController.swift in Sources */,
				47FC3ADD20919C7800C04548 /* AppDelegate.swift in Sources */,
			);
			runOnlyForDeploymentPostprocessing = 0;
		};
		47FC3AE920919C7A00C04548 /* Sources */ = {
			isa = PBXSourcesBuildPhase;
			buildActionMask = 2147483647;
			files = (
				47FC3AF220919C7A00C04548 /* broeser2Tests.swift in Sources */,
			);
			runOnlyForDeploymentPostprocessing = 0;
		};
		47FC3AF420919C7B00C04548 /* Sources */ = {
			isa = PBXSourcesBuildPhase;
			buildActionMask = 2147483647;
			files = (
				47FC3AFD20919C7B00C04548 /* broeser2UITests.swift in Sources */,
			);
			runOnlyForDeploymentPostprocessing = 0;
		};
/* End PBXSourcesBuildPhase section */

/* Begin PBXTargetDependency section */
		47FC3AEF20919C7A00C04548 /* PBXTargetDependency */ = {
			isa = PBXTargetDependency;
			target = 47FC3AD820919C7800C04548 /* broeser2 */;
			targetProxy = 47FC3AEE20919C7A00C04548 /* PBXContainerItemProxy */;
		};
		47FC3AFA20919C7B00C04548 /* PBXTargetDependency */ = {
			isa = PBXTargetDependency;
			target = 47FC3AD820919C7800C04548 /* broeser2 */;
			targetProxy = 47FC3AF920919C7B00C04548 /* PBXContainerItemProxy */;
		};
/* End PBXTargetDependency section */

/* Begin PBXVariantGroup section */
		47FC3AE020919C7900C04548 /* Main.storyboard */ = {
			isa = PBXVariantGroup;
			children = (
				47FC3AE120919C7900C04548 /* Base */,
			);
			name = Main.storyboard;
			sourceTree = "<group>";
		};
		47FC3AE520919C7A00C04548 /* LaunchScreen.storyboard */ = {
			isa = PBXVariantGroup;
			children = (
				47FC3AE620919C7A00C04548 /* Base */,
			);
			name = LaunchScreen.storyboard;
			sourceTree = "<group>";
		};
/* End PBXVariantGroup section */

/* Begin XCBuildConfiguration section */
		47FC3AFF20919C7B00C04548 /* Debug */ = {
			isa = XCBuildConfiguration;
			buildSettings = {
				ALWAYS_SEARCH_USER_PATHS = NO;
				CLANG_ANALYZER_NONNULL = YES;
				CLANG_ANALYZER_NUMBER_OBJECT_CONVERSION = YES_AGGRESSIVE;
				CLANG_CXX_LANGUAGE_STANDARD = "gnu++14";
				CLANG_CXX_LIBRARY = "libc++";
				CLANG_ENABLE_MODULES = YES;
				CLANG_ENABLE_OBJC_ARC = YES;
				CLANG_ENABLE_OBJC_WEAK = YES;
				CLANG_WARN_BLOCK_CAPTURE_AUTORELEASING = YES;
				CLANG_WARN_BOOL_CONVERSION = YES;
				CLANG_WARN_COMMA = YES;
				CLANG_WARN_CONSTANT_CONVERSION = YES;
				CLANG_WARN_DEPRECATED_OBJC_IMPLEMENTATIONS = YES;
				CLANG_WARN_DIRECT_OBJC_ISA_USAGE = YES_ERROR;
				CLANG_WARN_DOCUMENTATION_COMMENTS = YES;
				CLANG_WARN_EMPTY_BODY = YES;
				CLANG_WARN_ENUM_CONVERSION = YES;
				CLANG_WARN_INFINITE_RECURSION = YES;
				CLANG_WARN_INT_CONVERSION = YES;
				CLANG_WARN_NON_LITERAL_NULL_CONVERSION = YES;
				CLANG_WARN_OBJC_IMPLICIT_RETAIN_SELF = YES;
				CLANG_WARN_OBJC_LITERAL_CONVERSION = YES;
				CLANG_WARN_OBJC_ROOT_CLASS = YES_ERROR;
				CLANG_WARN_RANGE_LOOP_ANALYSIS = YES;
				CLANG_WARN_STRICT_PROTOTYPES = YES;
				CLANG_WARN_SUSPICIOUS_MOVE = YES;
				CLANG_WARN_UNGUARDED_AVAILABILITY = YES_AGGRESSIVE;
				CLANG_WARN_UNREACHABLE_CODE = YES;
				CLANG_WARN__DUPLICATE_METHOD_MATCH = YES;
				CODE_SIGN_IDENTITY = "iPhone Developer";
				COPY_PHASE_STRIP = NO;
				DEBUG_INFORMATION_FORMAT = dwarf;
				ENABLE_STRICT_OBJC_MSGSEND = YES;
				ENABLE_TESTABILITY = YES;
				GCC_C_LANGUAGE_STANDARD = gnu11;
				GCC_DYNAMIC_NO_PIC = NO;
				GCC_NO_COMMON_BLOCKS = YES;
				GCC_OPTIMIZATION_LEVEL = 0;
				GCC_PREPROCESSOR_DEFINITIONS = (
					"DEBUG=1",
					"$(inherited)",
				);
				GCC_WARN_64_TO_32_BIT_CONVERSION = YES;
				GCC_WARN_ABOUT_RETURN_TYPE = YES_ERROR;
				GCC_WARN_UNDECLARED_SELECTOR = YES;
				GCC_WARN_UNINITIALIZED_AUTOS = YES_AGGRESSIVE;
				GCC_WARN_UNUSED_FUNCTION = YES;
				GCC_WARN_UNUSED_VARIABLE = YES;
				IPHONEOS_DEPLOYMENT_TARGET = 11.3;
				MTL_ENABLE_DEBUG_INFO = YES;
				ONLY_ACTIVE_ARCH = YES;
				SDKROOT = iphoneos;
				SWIFT_ACTIVE_COMPILATION_CONDITIONS = DEBUG;
				SWIFT_OPTIMIZATION_LEVEL = "-Onone";
			};
			name = Debug;
		};
		47FC3B0020919C7B00C04548 /* Release */ = {
			isa = XCBuildConfiguration;
			buildSettings = {
				ALWAYS_SEARCH_USER_PATHS = NO;
				CLANG_ANALYZER_NONNULL = YES;
				CLANG_ANALYZER_NUMBER_OBJECT_CONVERSION = YES_AGGRESSIVE;
				CLANG_CXX_LANGUAGE_STANDARD = "gnu++14";
				CLANG_CXX_LIBRARY = "libc++";
				CLANG_ENABLE_MODULES = YES;
				CLANG_ENABLE_OBJC_ARC = YES;
				CLANG_ENABLE_OBJC_WEAK = YES;
				CLANG_WARN_BLOCK_CAPTURE_AUTORELEASING = YES;
				CLANG_WARN_BOOL_CONVERSION = YES;
				CLANG_WARN_COMMA = YES;
				CLANG_WARN_CONSTANT_CONVERSION = YES;
				CLANG_WARN_DEPRECATED_OBJC_IMPLEMENTATIONS = YES;
				CLANG_WARN_DIRECT_OBJC_ISA_USAGE = YES_ERROR;
				CLANG_WARN_DOCUMENTATION_COMMENTS = YES;
				CLANG_WARN_EMPTY_BODY = YES;
				CLANG_WARN_ENUM_CONVERSION = YES;
				CLANG_WARN_INFINITE_RECURSION = YES;
				CLANG_WARN_INT_CONVERSION = YES;
				CLANG_WARN_NON_LITERAL_NULL_CONVERSION = YES;
				CLANG_WARN_OBJC_IMPLICIT_RETAIN_SELF = YES;
				CLANG_WARN_OBJC_LITERAL_CONVERSION = YES;
				CLANG_WARN_OBJC_ROOT_CLASS = YES_ERROR;
				CLANG_WARN_RANGE_LOOP_ANALYSIS = YES;
				CLANG_WARN_STRICT_PROTOTYPES = YES;
				CLANG_WARN_SUSPICIOUS_MOVE = YES;
				CLANG_WARN_UNGUARDED_AVAILABILITY = YES_AGGRESSIVE;
				CLANG_WARN_UNREACHABLE_CODE = YES;
				CLANG_WARN__DUPLICATE_METHOD_MATCH = YES;
				CODE_SIGN_IDENTITY = "iPhone Developer";
				COPY_PHASE_STRIP = NO;
				DEBUG_INFORMATION_FORMAT = "dwarf-with-dsym";
				ENABLE_NS_ASSERTIONS = NO;
				ENABLE_STRICT_OBJC_MSGSEND = YES;
				GCC_C_LANGUAGE_STANDARD = gnu11;
				GCC_NO_COMMON_BLOCKS = YES;
				GCC_WARN_64_TO_32_BIT_CONVERSION = YES;
				GCC_WARN_ABOUT_RETURN_TYPE = YES_ERROR;
				GCC_WARN_UNDECLARED_SELECTOR = YES;
				GCC_WARN_UNINITIALIZED_AUTOS = YES_AGGRESSIVE;
				GCC_WARN_UNUSED_FUNCTION = YES;
				GCC_WARN_UNUSED_VARIABLE = YES;
				IPHONEOS_DEPLOYMENT_TARGET = 11.3;
				MTL_ENABLE_DEBUG_INFO = NO;
				SDKROOT = iphoneos;
				SWIFT_COMPILATION_MODE = wholemodule;
				SWIFT_OPTIMIZATION_LEVEL = "-O";
				VALIDATE_PRODUCT = YES;
			};
			name = Release;
		};
		47FC3B0220919C7B00C04548 /* Debug */ = {
			isa = XCBuildConfiguration;
			buildSettings = {
				ASSETCATALOG_COMPILER_APPICON_NAME = AppIcon;
				CODE_SIGN_STYLE = Automatic;
				INFOPLIST_FILE = broeser2/Info.plist;
				LD_RUNPATH_SEARCH_PATHS = (
					"$(inherited)",
					"@executable_path/Frameworks",
				);
				PRODUCT_BUNDLE_IDENTIFIER = jako.test.broeser2;
				PRODUCT_NAME = "$(TARGET_NAME)";
				SWIFT_VERSION = 4.0;
				TARGETED_DEVICE_FAMILY = "1,2";
			};
			name = Debug;
		};
		47FC3B0320919C7B00C04548 /* Release */ = {
			isa = XCBuildConfiguration;
			buildSettings = {
				ASSETCATALOG_COMPILER_APPICON_NAME = AppIcon;
				CODE_SIGN_STYLE = Automatic;
				INFOPLIST_FILE = broeser2/Info.plist;
				LD_RUNPATH_SEARCH_PATHS = (
					"$(inherited)",
					"@executable_path/Frameworks",
				);
				PRODUCT_BUNDLE_IDENTIFIER = jako.test.broeser2;
				PRODUCT_NAME = "$(TARGET_NAME)";
				SWIFT_VERSION = 4.0;
				TARGETED_DEVICE_FAMILY = "1,2";
			};
			name = Release;
		};
		47FC3B0520919C7B00C04548 /* Debug */ = {
			isa = XCBuildConfiguration;
			buildSettings = {
				ALWAYS_EMBED_SWIFT_STANDARD_LIBRARIES = YES;
				BUNDLE_LOADER = "$(TEST_HOST)";
				CODE_SIGN_STYLE = Automatic;
				INFOPLIST_FILE = broeser2Tests/Info.plist;
				LD_RUNPATH_SEARCH_PATHS = (
					"$(inherited)",
					"@executable_path/Frameworks",
					"@loader_path/Frameworks",
				);
				PRODUCT_BUNDLE_IDENTIFIER = jako.test.broeser2Tests;
				PRODUCT_NAME = "$(TARGET_NAME)";
				SWIFT_VERSION = 4.0;
				TARGETED_DEVICE_FAMILY = "1,2";
				TEST_HOST = "$(BUILT_PRODUCTS_DIR)/broeser2.app/broeser2";
			};
			name = Debug;
		};
		47FC3B0620919C7B00C04548 /* Release */ = {
			isa = XCBuildConfiguration;
			buildSettings = {
				ALWAYS_EMBED_SWIFT_STANDARD_LIBRARIES = YES;
				BUNDLE_LOADER = "$(TEST_HOST)";
				CODE_SIGN_STYLE = Automatic;
				INFOPLIST_FILE = broeser2Tests/Info.plist;
				LD_RUNPATH_SEARCH_PATHS = (
					"$(inherited)",
					"@executable_path/Frameworks",
					"@loader_path/Frameworks",
				);
				PRODUCT_BUNDLE_IDENTIFIER = jako.test.broeser2Tests;
				PRODUCT_NAME = "$(TARGET_NAME)";
				SWIFT_VERSION = 4.0;
				TARGETED_DEVICE_FAMILY = "1,2";
				TEST_HOST = "$(BUILT_PRODUCTS_DIR)/broeser2.app/broeser2";
			};
			name = Release;
		};
		47FC3B0820919C7B00C04548 /* Debug */ = {
			isa = XCBuildConfiguration;
			buildSettings = {
				ALWAYS_EMBED_SWIFT_STANDARD_LIBRARIES = YES;
				CODE_SIGN_STYLE = Automatic;
				INFOPLIST_FILE = broeser2UITests/Info.plist;
				LD_RUNPATH_SEARCH_PATHS = (
					"$(inherited)",
					"@executable_path/Frameworks",
					"@loader_path/Frameworks",
				);
				PRODUCT_BUNDLE_IDENTIFIER = jako.test.broeser2UITests;
				PRODUCT_NAME = "$(TARGET_NAME)";
				SWIFT_VERSION = 4.0;
				TARGETED_DEVICE_FAMILY = "1,2";
				TEST_TARGET_NAME = broeser2;
			};
			name = Debug;
		};
		47FC3B0920919C7B00C04548 /* Release */ = {
			isa = XCBuildConfiguration;
			buildSettings = {
				ALWAYS_EMBED_SWIFT_STANDARD_LIBRARIES = YES;
				CODE_SIGN_STYLE = Automatic;
				INFOPLIST_FILE = broeser2UITests/Info.plist;
				LD_RUNPATH_SEARCH_PATHS = (
					"$(inherited)",
					"@executable_path/Frameworks",
					"@loader_path/Frameworks",
				);
				PRODUCT_BUNDLE_IDENTIFIER = jako.test.broeser2UITests;
				PRODUCT_NAME = "$(TARGET_NAME)";
				SWIFT_VERSION = 4.0;
				TARGETED_DEVICE_FAMILY = "1,2";
				TEST_TARGET_NAME = broeser2;
			};
			name = Release;
		};
/* End XCBuildConfiguration section */

/* Begin XCConfigurationList section */
		47FC3AD420919C7800C04548 /* Build configuration list for PBXProject "broeser2" */ = {
			isa = XCConfigurationList;
			buildConfigurations = (
				47FC3AFF20919C7B00C04548 /* Debug */,
				47FC3B0020919C7B00C04548 /* Release */,
			);
			defaultConfigurationIsVisible = 0;
			defaultConfigurationName = Release;
		};
		47FC3B0120919C7B00C04548 /* Build configuration list for PBXNativeTarget "broeser2" */ = {
			isa = XCConfigurationList;
			buildConfigurations = (
				47FC3B0220919C7B00C04548 /* Debug */,
				47FC3B0320919C7B00C04548 /* Release */,
			);
			defaultConfigurationIsVisible = 0;
			defaultConfigurationName = Release;
		};
		47FC3B0420919C7B00C04548 /* Build configuration list for PBXNativeTarget "broeser2Tests" */ = {
			isa = XCConfigurationList;
			buildConfigurations = (
				47FC3B0520919C7B00C04548 /* Debug */,
				47FC3B0620919C7B00C04548 /* Release */,
			);
			defaultConfigurationIsVisible = 0;
			defaultConfigurationName = Release;
		};
		47FC3B0720919C7B00C04548 /* Build configuration list for PBXNativeTarget "broeser2UITests" */ = {
			isa = XCConfigurationList;
			buildConfigurations = (
				47FC3B0820919C7B00C04548 /* Debug */,
				47FC3B0920919C7B00C04548 /* Release */,
			);
			defaultConfigurationIsVisible = 0;
			defaultConfigurationName = Release;
		};
/* End XCConfigurationList section */
	};
	rootObject = 47FC3AD120919C7800C04548 /* Project object */;
}
